
Microsoft Visual Studio Solution File, Format Version 12.00
# Visual Studio 2013
VisualStudioVersion = 12.0.40629.0
MinimumVisualStudioVersion = 10.0.40219.1
Project("{FAE04EC0-301F-11D3-BF4B-00C04F79EFBC}") = "Tetris", "Tetris\Tetris.csproj", "{4E6E6F09-0681-4F66-B98A-4B641BEF4A9C}"
EndProject
Project("{FAE04EC0-301F-11D3-BF4B-00C04F79EFBC}") = "Tetris.Tests", "Tetris.Tests\Tetris.Tests.csproj", "{61DE8665-39FC-49B9-87C0-E0C40F482AD6}"
EndProject
Global
	GlobalSection(SolutionConfigurationPlatforms) = preSolution
		Debug|Any CPU = Debug|Any CPU
		Release|Any CPU = Release|Any CPU
	EndGlobalSection
	GlobalSection(ProjectConfigurationPlatforms) = postSolution
		{4E6E6F09-0681-4F66-B98A-4B641BEF4A9C}.Debug|Any CPU.ActiveCfg = Debug|Any CPU
		{4E6E6F09-0681-4F66-B98A-4B641BEF4A9C}.Debug|Any CPU.Build.0 = Debug|Any CPU
		{4E6E6F09-0681-4F66-B98A-4B641BEF4A9C}.Release|Any CPU.ActiveCfg = Release|Any CPU
		{4E6E6F09-0681-4F66-B98A-4B641BEF4A9C}.Release|Any CPU.Build.0 = Release|Any CPU
		{61DE8665-39FC-49B9-87C0-E0C40F482AD6}.Debug|Any CPU.ActiveCfg = Debug|Any CPU
		{61DE8665-39FC-49B9-87C0-E0C40F482AD6}.Debug|Any CPU.Build.0 = Debug|Any CPU
		{61DE8665-39FC-49B9-87C0-E0C40F482AD6}.Release|Any CPU.ActiveCfg = Release|Any CPU
		{61DE8665-39FC-49B9-87C0-E0C40F482AD6}.Release|Any CPU.Build.0 = Release|Any CPU
	EndGlobalSection
	GlobalSection(SolutionProperties) = preSolution
		HideSolutionNode = FALSE
	EndGlobalSection
EndGlobal
